
Microsoft Visual Studio Solution File, Format Version 12.00
# Visual Studio 14
VisualStudioVersion = 14.0.24720.0
MinimumVisualStudioVersion = 10.0.40219.1
Project("{E24C65DC-7377-472B-9ABA-BC803B73C61A}") = "Final_Prac9", "..\..\WebSites\Final_Prac9\", "{BD041D99-3D28-4E98-9E3E-777EF1EEB081}"
	ProjectSection(WebsiteProperties) = preProject
		TargetFrameworkMoniker = ".NETFramework,Version%3Dv4.6"
		Debug.AspNetCompiler.VirtualPath = "/localhost_59515"
		Debug.AspNetCompiler.PhysicalPath = "..\..\WebSites\Final_Prac9\"
		Debug.AspNetCompiler.TargetPath = "PrecompiledWeb\localhost_59515\"
		Debug.AspNetCompiler.Updateable = "true"
		Debug.AspNetCompiler.ForceOverwrite = "true"
		Debug.AspNetCompiler.FixedNames = "false"
		Debug.AspNetCompiler.Debug = "True"
		Release.AspNetCompiler.VirtualPath = "/localhost_59515"
		Release.AspNetCompiler.PhysicalPath = "..\..\WebSites\Final_Prac9\"
		Release.AspNetCompiler.TargetPath = "PrecompiledWeb\localhost_59515\"
		Release.AspNetCompiler.Updateable = "true"
		Release.AspNetCompiler.ForceOverwrite = "true"
		Release.AspNetCompiler.FixedNames = "false"
		Release.AspNetCompiler.Debug = "False"
		VWDPort = "59515"
		SlnRelativePath = "..\..\WebSites\Final_Prac9\"
		DefaultWebSiteLanguage = "Visual C#"
	EndProjectSection
EndProject
Global
	GlobalSection(SolutionConfigurationPlatforms) = preSolution
		Debug|Any CPU = Debug|Any CPU
	EndGlobalSection
	GlobalSection(ProjectConfigurationPlatforms) = postSolution
		{BD041D99-3D28-4E98-9E3E-777EF1EEB081}.Debug|Any CPU.ActiveCfg = Debug|Any CPU
		{BD041D99-3D28-4E98-9E3E-777EF1EEB081}.Debug|Any CPU.Build.0 = Debug|Any CPU
	EndGlobalSection
	GlobalSection(SolutionProperties) = preSolution
		HideSolutionNode = FALSE
	EndGlobalSection
EndGlobal
