
Microsoft Visual Studio Solution File, Format Version 12.00
# Visual Studio 14
VisualStudioVersion = 14.0.24720.0
MinimumVisualStudioVersion = 10.0.40219.1
Project("{FAE04EC0-301F-11D3-BF4B-00C04F79EFBC}") = "Bluetooth Scanning", "Bluetooth Scanning\Bluetooth Scanning.csproj", "{BDE15673-F941-4510-BF14-74955BBD79B1}"
EndProject
Global
	GlobalSection(SolutionConfigurationPlatforms) = preSolution
		Debug|Any CPU = Debug|Any CPU
		Release|Any CPU = Release|Any CPU
	EndGlobalSection
	GlobalSection(ProjectConfigurationPlatforms) = postSolution
		{BDE15673-F941-4510-BF14-74955BBD79B1}.Debug|Any CPU.ActiveCfg = Debug|Any CPU
		{BDE15673-F941-4510-BF14-74955BBD79B1}.Debug|Any CPU.Build.0 = Debug|Any CPU
		{BDE15673-F941-4510-BF14-74955BBD79B1}.Release|Any CPU.ActiveCfg = Release|Any CPU
		{BDE15673-F941-4510-BF14-74955BBD79B1}.Release|Any CPU.Build.0 = Release|Any CPU
	EndGlobalSection
	GlobalSection(SolutionProperties) = preSolution
		HideSolutionNode = FALSE
	EndGlobalSection
EndGlobal
